<?xml version="1.0" encoding="UTF-8" standalone="yes" ?>
<CodeBlocks_project_file>
	<FileVersion major="1" minor="6" />
	<Project>
		<Option title="gimli-tests" />
		<Option pch_mode="2" />
		<Option compiler="gcc" />
		<Build>
			<Target title="Debug">
				<Option output="bin/Debug/gimli-tests" prefix_auto="1" extension_auto="1" />
				<Option object_output="obj/Debug/" />
				<Option type="1" />
				<Option compiler="gcc" />
				<Compiler>
					<Add option="-g" />
				</Compiler>
			</Target>
			<Target title="Release">
				<Option output="bin/Release/gimli-tests" prefix_auto="1" extension_auto="1" />
				<Option object_output="obj/Release/" />
				<Option type="1" />
				<Option compiler="gcc" />
				<Compiler>
					<Add option="-O2" />
				</Compiler>
				<Linker>
					<Add option="-s" />
				</Linker>
			</Target>
		</Build>
		<Compiler>
			<Add option="-Weffc++" />
			<Add option="-Wall" />
			<Add option="-std=c++17" />
			<Add option="-fexceptions" />
		</Compiler>
		<Linker>
			<Add library="png" />
			<Add library="jpeg" />
		</Linker>
		<Unit filename="../../lib/gimli/Image.hpp" />
		<Unit filename="../../lib/gimli/hash/average.cpp" />
		<Unit filename="../../lib/gimli/hash/average.hpp" />
		<Unit filename="../../lib/gimli/hash/difference.cpp" />
		<Unit filename="../../lib/gimli/hash/difference.hpp" />
		<Unit filename="../../lib/gimli/loaders/JpegLoader.hpp" />
		<Unit filename="../../lib/gimli/loaders/Loader.hpp" />
		<Unit filename="../../lib/gimli/loaders/PngLoader.hpp" />
		<Unit filename="../../lib/gimli/loaders/TargaLoader.hpp" />
		<Unit filename="../../lib/gimli/numeric/hamming.hpp" />
		<Unit filename="../../lib/gimli/transforms/Greyscale.cpp" />
		<Unit filename="../../lib/gimli/transforms/Greyscale.hpp" />
		<Unit filename="../../lib/gimli/transforms/Resize.hpp" />
		<Unit filename="../../lib/gimli/types/is_png.cpp" />
		<Unit filename="../../lib/gimli/types/is_png.hpp" />
		<Unit filename="hash/average.cpp" />
		<Unit filename="hash/difference.cpp" />
		<Unit filename="loaders/JpegLoader.cpp" />
		<Unit filename="loaders/PngLoader.cpp" />
		<Unit filename="loaders/TargaLoader.cpp" />
		<Unit filename="main.cpp" />
		<Unit filename="numeric/hamming.cpp" />
		<Unit filename="transforms/Greyscale.cpp" />
		<Unit filename="transforms/Resize.cpp" />
		<Unit filename="types/is_png.cpp" />
		<Extensions />
	</Project>
</CodeBlocks_project_file>
