<?xml version="1.0" encoding="UTF-8" standalone="yes" ?>
<CodeBlocks_project_file>
	<FileVersion major="1" minor="6" />
	<Project>
		<Option title="gimli-tests" />
		<Option pch_mode="2" />
		<Option compiler="gcc" />
		<Build>
			<Target title="Debug">
				<Option output="bin/Debug/gimli-tests" prefix_auto="1" extension_auto="1" />
				<Option object_output="obj/Debug/" />
				<Option type="1" />
				<Option compiler="gcc" />
				<Compiler>
					<Add option="-g" />
				</Compiler>
			</Target>
			<Target title="Release">
				<Option output="bin/Release/gimli-tests" prefix_auto="1" extension_auto="1" />
				<Option object_output="obj/Release/" />
				<Option type="1" />
				<Option compiler="gcc" />
				<Compiler>
					<Add option="-O2" />
				</Compiler>
				<Linker>
					<Add option="-s" />
				</Linker>
			</Target>
		</Build>
		<Compiler>
			<Add option="-Wshadow" />
			<Add option="-Weffc++" />
			<Add option="-pedantic-errors" />
			<Add option="-pedantic" />
			<Add option="-Wextra" />
			<Add option="-Wall" />
			<Add option="-std=c++17" />
			<Add option="-fexceptions" />
		</Compiler>
		<Linker>
			<Add library="png" />
			<Add library="jpeg" />
		</Linker>
		<Unit filename="../../lib/Image.hpp" />
		<Unit filename="../../lib/hash/average.cpp" />
		<Unit filename="../../lib/hash/average.hpp" />
		<Unit filename="../../lib/hash/difference.cpp" />
		<Unit filename="../../lib/hash/difference.hpp" />
		<Unit filename="../../lib/hash/factory.hpp" />
		<Unit filename="../../lib/hash/minmax.cpp" />
		<Unit filename="../../lib/hash/minmax.hpp" />
		<Unit filename="../../lib/hash/similarity.hpp" />
		<Unit filename="../../lib/hash/stringify.hpp" />
		<Unit filename="../../lib/hash/vertical_difference.cpp" />
		<Unit filename="../../lib/hash/vertical_difference.hpp" />
		<Unit filename="../../lib/io/BitmapLoader.hpp" />
		<Unit filename="../../lib/io/BitmapWriter.hpp" />
		<Unit filename="../../lib/io/JpegLoader.hpp" />
		<Unit filename="../../lib/io/JpegWriter.hpp" />
		<Unit filename="../../lib/io/Loader.hpp" />
		<Unit filename="../../lib/io/PngLoader.hpp" />
		<Unit filename="../../lib/io/PngWriter.hpp" />
		<Unit filename="../../lib/io/TargaLoader.hpp" />
		<Unit filename="../../lib/io/TargaWriter.hpp" />
		<Unit filename="../../lib/io/WebpLoader.hpp" />
		<Unit filename="../../lib/io/WebpWriter.hpp" />
		<Unit filename="../../lib/io/Writer.hpp" />
		<Unit filename="../../lib/io/load_any.hpp" />
		<Unit filename="../../lib/io/write_any.cpp" />
		<Unit filename="../../lib/io/write_any.hpp" />
		<Unit filename="../../lib/numeric/hamming.hpp" />
		<Unit filename="../../lib/transforms/Greyscale.cpp" />
		<Unit filename="../../lib/transforms/Greyscale.hpp" />
		<Unit filename="../../lib/transforms/Resize.hpp" />
		<Unit filename="../../lib/types/get_type.cpp" />
		<Unit filename="../../lib/types/get_type.hpp" />
		<Unit filename="../../lib/types/is_bitmap.cpp" />
		<Unit filename="../../lib/types/is_bitmap.hpp" />
		<Unit filename="../../lib/types/is_jpeg.cpp" />
		<Unit filename="../../lib/types/is_jpeg.hpp" />
		<Unit filename="../../lib/types/is_png.cpp" />
		<Unit filename="../../lib/types/is_png.hpp" />
		<Unit filename="../../lib/types/is_targa.cpp" />
		<Unit filename="../../lib/types/is_targa.hpp" />
		<Unit filename="../../lib/types/is_webp.cpp" />
		<Unit filename="../../lib/types/is_webp.hpp" />
		<Unit filename="../../third-party/nonstd/expected.hpp" />
		<Unit filename="../../third-party/nonstd/span.hpp" />
		<Unit filename="hash/average.cpp" />
		<Unit filename="hash/difference.cpp" />
		<Unit filename="hash/factory.cpp" />
		<Unit filename="hash/minmax.cpp" />
		<Unit filename="hash/similarity.cpp" />
		<Unit filename="hash/stringify.cpp" />
		<Unit filename="hash/vertical_difference.cpp" />
		<Unit filename="io/BitmapLoader.cpp" />
		<Unit filename="io/JpegLoader.cpp" />
		<Unit filename="io/PngLoader.cpp" />
		<Unit filename="io/TargaLoader.cpp" />
		<Unit filename="io/WebpLoader.cpp" />
		<Unit filename="io/load_any.cpp" />
		<Unit filename="io/write_any.cpp" />
		<Unit filename="main.cpp" />
		<Unit filename="numeric/hamming.cpp" />
		<Unit filename="transforms/Greyscale.cpp" />
		<Unit filename="transforms/Resize.cpp" />
		<Unit filename="types/get_type.cpp" />
		<Unit filename="types/is_bitmap.cpp" />
		<Unit filename="types/is_jpeg.cpp" />
		<Unit filename="types/is_png.cpp" />
		<Unit filename="types/is_targa.cpp" />
		<Unit filename="types/is_webp.cpp" />
		<Extensions />
	</Project>
</CodeBlocks_project_file>
